# THIS IS AN AUTOGENERATED FILE. DO NOT EDIT THIS FILE DIRECTLY.
# yarn lockfile v1


zsh@^0.0.1:
  version "0.0.1"
  resolved "https://registry.yarnpkg.com/zsh/-/zsh-0.0.1.tgz#35c2796d94a1e160c252e6031aa510d3be4a0640"
  integrity sha512-JFVRW6WWrsXoGJfnEvY0f/g2MKtTRZPOY+8VwIMvm/ThpH5YaWySc49Mx8Q0VK4SA4aIEAPXqmrFh46xjdqwJA==
